
Microsoft Visual Studio Solution File, Format Version 12.00
# Visual Studio 2012
Project("{8BC9CEB8-8B4A-11D0-8D11-00A0C91BC942}") = "VisGUI", "VisGUI\VisGUI.vcxproj", "{B96153C7-5597-409F-87C4-E1783FCD2DEB}"
EndProject
Global
	GlobalSection(SolutionConfigurationPlatforms) = preSolution
		Debug|Win32 = Debug|Win32
		Release|Win32 = Release|Win32
	EndGlobalSection
	GlobalSection(ProjectConfigurationPlatforms) = postSolution
		{B96153C7-5597-409F-87C4-E1783FCD2DEB}.Debug|Win32.ActiveCfg = Debug|Win32
		{B96153C7-5597-409F-87C4-E1783FCD2DEB}.Debug|Win32.Build.0 = Debug|Win32
		{B96153C7-5597-409F-87C4-E1783FCD2DEB}.Release|Win32.ActiveCfg = Release|Win32
		{B96153C7-5597-409F-87C4-E1783FCD2DEB}.Release|Win32.Build.0 = Release|Win32
	EndGlobalSection
	GlobalSection(SolutionProperties) = preSolution
		HideSolutionNode = FALSE
	EndGlobalSection
EndGlobal
